
Microsoft Visual Studio Solution File, Format Version 12.00
# Visual Studio Version 18
VisualStudioVersion = 18.3.11520.95
MinimumVisualStudioVersion = 10.0.40219.1
Project("{FAE04EC0-301F-11D3-BF4B-00C04F79EFBC}") = "BomberClient", "BomberClient\BomberClient.csproj", "{C23651AC-53CF-441E-8464-6A77CFD23BA6}"
EndProject
Project("{FAE04EC0-301F-11D3-BF4B-00C04F79EFBC}") = "Library", "MonoGame Game Library\Library.csproj", "{4E945DD3-AB5B-4100-B64D-2C14A310136E}"
EndProject
Project("{FAE04EC0-301F-11D3-BF4B-00C04F79EFBC}") = "BomberShared", "BomberShared\BomberShared.csproj", "{36F80661-A586-4311-A113-800F4C37A5A6}"
EndProject
Project("{FAE04EC0-301F-11D3-BF4B-00C04F79EFBC}") = "BomberServer", "BomberServer\BomberServer.csproj", "{753D3D87-00BA-4332-8AB3-D5A4815AD083}"
EndProject
Global
	GlobalSection(SolutionConfigurationPlatforms) = preSolution
		Debug|Any CPU = Debug|Any CPU
		Release|Any CPU = Release|Any CPU
	EndGlobalSection
	GlobalSection(ProjectConfigurationPlatforms) = postSolution
		{C23651AC-53CF-441E-8464-6A77CFD23BA6}.Debug|Any CPU.ActiveCfg = Debug|Any CPU
		{C23651AC-53CF-441E-8464-6A77CFD23BA6}.Debug|Any CPU.Build.0 = Debug|Any CPU
		{C23651AC-53CF-441E-8464-6A77CFD23BA6}.Release|Any CPU.ActiveCfg = Release|Any CPU
		{C23651AC-53CF-441E-8464-6A77CFD23BA6}.Release|Any CPU.Build.0 = Release|Any CPU
		{4E945DD3-AB5B-4100-B64D-2C14A310136E}.Debug|Any CPU.ActiveCfg = Debug|Any CPU
		{4E945DD3-AB5B-4100-B64D-2C14A310136E}.Debug|Any CPU.Build.0 = Debug|Any CPU
		{4E945DD3-AB5B-4100-B64D-2C14A310136E}.Release|Any CPU.ActiveCfg = Release|Any CPU
		{4E945DD3-AB5B-4100-B64D-2C14A310136E}.Release|Any CPU.Build.0 = Release|Any CPU
		{36F80661-A586-4311-A113-800F4C37A5A6}.Debug|Any CPU.ActiveCfg = Debug|Any CPU
		{36F80661-A586-4311-A113-800F4C37A5A6}.Debug|Any CPU.Build.0 = Debug|Any CPU
		{36F80661-A586-4311-A113-800F4C37A5A6}.Release|Any CPU.ActiveCfg = Release|Any CPU
		{36F80661-A586-4311-A113-800F4C37A5A6}.Release|Any CPU.Build.0 = Release|Any CPU
		{753D3D87-00BA-4332-8AB3-D5A4815AD083}.Debug|Any CPU.ActiveCfg = Debug|Any CPU
		{753D3D87-00BA-4332-8AB3-D5A4815AD083}.Debug|Any CPU.Build.0 = Debug|Any CPU
		{753D3D87-00BA-4332-8AB3-D5A4815AD083}.Release|Any CPU.ActiveCfg = Release|Any CPU
		{753D3D87-00BA-4332-8AB3-D5A4815AD083}.Release|Any CPU.Build.0 = Release|Any CPU
	EndGlobalSection
	GlobalSection(SolutionProperties) = preSolution
		HideSolutionNode = FALSE
	EndGlobalSection
	GlobalSection(ExtensibilityGlobals) = postSolution
		SolutionGuid = {E807DF84-00BD-441C-A586-C8559D3B1D33}
	EndGlobalSection
EndGlobal
